
Microsoft Visual Studio Solution File, Format Version 12.00
# Visual Studio 15
VisualStudioVersion = 15.0.27703.2042
MinimumVisualStudioVersion = 10.0.40219.1
Project("{9A19103F-16F7-4668-BE54-9A1E7A4F7556}") = "MarsRover", "MarsRover\MarsRover.csproj", "{FE7B4192-DA99-4319-AF68-C41683B991C2}"
EndProject
Project("{FAE04EC0-301F-11D3-BF4B-00C04F79EFBC}") = "MarsRover.UnitTests", "MarsRover.UnitTests\MarsRover.UnitTests.csproj", "{63044595-5F74-4E12-B9F1-8CC83234C44F}"
EndProject
Project("{FAE04EC0-301F-11D3-BF4B-00C04F79EFBC}") = "ConsoleTest", "ConsoleTest\ConsoleTest.csproj", "{81172DC4-AE28-4FB1-BF3F-1540F9780286}"
EndProject
Global
	GlobalSection(SolutionConfigurationPlatforms) = preSolution
		Debug|Any CPU = Debug|Any CPU
		Release|Any CPU = Release|Any CPU
	EndGlobalSection
	GlobalSection(ProjectConfigurationPlatforms) = postSolution
		{FE7B4192-DA99-4319-AF68-C41683B991C2}.Debug|Any CPU.ActiveCfg = Debug|Any CPU
		{FE7B4192-DA99-4319-AF68-C41683B991C2}.Debug|Any CPU.Build.0 = Debug|Any CPU
		{FE7B4192-DA99-4319-AF68-C41683B991C2}.Release|Any CPU.ActiveCfg = Release|Any CPU
		{FE7B4192-DA99-4319-AF68-C41683B991C2}.Release|Any CPU.Build.0 = Release|Any CPU
		{63044595-5F74-4E12-B9F1-8CC83234C44F}.Debug|Any CPU.ActiveCfg = Debug|Any CPU
		{63044595-5F74-4E12-B9F1-8CC83234C44F}.Debug|Any CPU.Build.0 = Debug|Any CPU
		{63044595-5F74-4E12-B9F1-8CC83234C44F}.Release|Any CPU.ActiveCfg = Release|Any CPU
		{63044595-5F74-4E12-B9F1-8CC83234C44F}.Release|Any CPU.Build.0 = Release|Any CPU
		{81172DC4-AE28-4FB1-BF3F-1540F9780286}.Debug|Any CPU.ActiveCfg = Debug|Any CPU
		{81172DC4-AE28-4FB1-BF3F-1540F9780286}.Debug|Any CPU.Build.0 = Debug|Any CPU
		{81172DC4-AE28-4FB1-BF3F-1540F9780286}.Release|Any CPU.ActiveCfg = Release|Any CPU
		{81172DC4-AE28-4FB1-BF3F-1540F9780286}.Release|Any CPU.Build.0 = Release|Any CPU
	EndGlobalSection
	GlobalSection(SolutionProperties) = preSolution
		HideSolutionNode = FALSE
	EndGlobalSection
	GlobalSection(ExtensibilityGlobals) = postSolution
		SolutionGuid = {64352778-705B-4F63-A9A8-D735FAF4943C}
	EndGlobalSection
EndGlobal
